
Microsoft Visual Studio Solution File, Format Version 12.00
# Visual Studio Version 17
VisualStudioVersion = 17.5.33627.172
MinimumVisualStudioVersion = 10.0.40219.1
Project("{FAE04EC0-301F-11D3-BF4B-00C04F79EFBC}") = "PersonManager", "PersonManager\PersonManager.csproj", "{0EAD8485-871C-4212-B89A-114E19E47DEE}"
EndProject
Global
	GlobalSection(SolutionConfigurationPlatforms) = preSolution
		Debug|Any CPU = Debug|Any CPU
		Release|Any CPU = Release|Any CPU
	EndGlobalSection
	GlobalSection(ProjectConfigurationPlatforms) = postSolution
		{0EAD8485-871C-4212-B89A-114E19E47DEE}.Debug|Any CPU.ActiveCfg = Debug|Any CPU
		{0EAD8485-871C-4212-B89A-114E19E47DEE}.Debug|Any CPU.Build.0 = Debug|Any CPU
		{0EAD8485-871C-4212-B89A-114E19E47DEE}.Release|Any CPU.ActiveCfg = Release|Any CPU
		{0EAD8485-871C-4212-B89A-114E19E47DEE}.Release|Any CPU.Build.0 = Release|Any CPU
	EndGlobalSection
	GlobalSection(SolutionProperties) = preSolution
		HideSolutionNode = FALSE
	EndGlobalSection
	GlobalSection(ExtensibilityGlobals) = postSolution
		SolutionGuid = {7951DB19-2DE6-4066-9FD0-61E079BF6E36}
	EndGlobalSection
EndGlobal
